#MicroXplorer Configuration settings - do not modify
Mcu.Family=STM32F1
ProjectManager.MainLocation=Core/Src
RCC.MCOFreq_Value=64000000
FREERTOS.Queues01=Queue_CANtoUART,48,uint8_t,0,Dynamic,NULL,NULL;Queue_UARTtoCAN,100,uint8_t,0,Dynamic,NULL,NULL
NVIC.CAN1_RX1_IRQn=true\:5\:0\:false\:false\:true\:true\:true\:true
ProjectManager.ProjectFileName=TTLtoCAN_Modify.ioc
USART2.IPParameters=VirtualMode,WordLength,Parity
FREERTOS.Tasks01=Task_CANtoUART,0,128,StartTask_CANtoUART,Default,NULL,Dynamic,NULL,NULL;Task_UARTtoCAN,0,128,StartTask_UARTtoCAN,Default,NULL,Dynamic,NULL,NULL
PD1-OSC_OUT.Mode=HSE-External-Oscillator
ProjectManager.KeepUserCode=true
Mcu.UserName=STM32F103RCTx
Mcu.PinsNb=10
ProjectManager.NoMain=false
CAN.CalculateBaudRate=250000
NVIC.SavedSvcallIrqHandlerGenerated=true
RCC.PLLCLKFreq_Value=64000000
VP_SYS_VS_tim7.Mode=TIM7
USART2.Parity=PARITY_NONE
ProjectManager.functionlistsort=1-MX_GPIO_Init-GPIO-false-HAL-true,2-SystemClock_Config-RCC-false-HAL-false,3-MX_CAN_Init-CAN-false-HAL-true,4-MX_USART2_UART_Init-USART2-false-HAL-true
PA11.Mode=CAN_Activate
RCC.ADCFreqValue=32000000
ProjectManager.DefaultFWLocation=true
PD0-OSC_IN.Signal=RCC_OSC_IN
ProjectManager.DeletePrevious=true
RCC.APB1CLKDivider=RCC_HCLK_DIV2
NVIC.USART2_IRQn=true\:5\:0\:false\:false\:true\:true\:true\:true
CAN.CalculateTimeBit=4000.00
PinOutPanel.RotationAngle=0
RCC.FamilyName=M
RCC.I2S3Freq_Value=64000000
RCC.SYSCLKSource=RCC_SYSCLKSOURCE_PLLCLK
ProjectManager.StackSize=0x400
PD1-OSC_OUT.Signal=RCC_OSC_OUT
PA13.Signal=SYS_JTMS-SWDIO
PA3.Mode=Asynchronous
Mcu.IP4=SYS
RCC.FCLKCortexFreq_Value=64000000
Mcu.IP5=USART2
VP_FREERTOS_VS_CMSIS_V1.Signal=FREERTOS_VS_CMSIS_V1
Mcu.IP2=NVIC
NVIC.SVCall_IRQn=true\:0\:0\:false\:false\:false\:false\:false\:false
Mcu.IP3=RCC
RCC.SDIOHCLKDiv2FreqValue=32000000
Mcu.IP0=CAN
Mcu.IP1=FREERTOS
CAN.BS2=CAN_BS2_2TQ
PA12.Signal=CAN_TX
CAN.Prescaler=8
CAN.BS1=CAN_BS1_13TQ
Mcu.UserConstants=
ProjectManager.TargetToolchain=Makefile
Mcu.ThirdPartyNb=0
RCC.SDIOFreq_Value=64000000
RCC.HCLKFreq_Value=64000000
Mcu.IPNb=6
ProjectManager.PreviousToolchain=
RCC.APB2TimFreq_Value=64000000
Mcu.Pin6=PA13
Mcu.Pin7=PA14
ProjectManager.RegisterCallBack=
Mcu.Pin8=VP_FREERTOS_VS_CMSIS_V1
RCC.USBFreq_Value=64000000
Mcu.Pin9=VP_SYS_VS_tim7
NVIC.CAN1_SCE_IRQn=true\:5\:0\:false\:false\:true\:true\:true\:true
FREERTOS.IPParameters=Tasks01,FootprintOK,Queues01
RCC.AHBFreq_Value=64000000
Mcu.Pin0=PD0-OSC_IN
Mcu.Pin1=PD1-OSC_OUT
GPIO.groupedBy=Group By Peripherals
Mcu.Pin2=PA2
PD0-OSC_IN.Mode=HSE-External-Oscillator
Mcu.Pin3=PA3
Mcu.Pin4=PA11
Mcu.Pin5=PA12
ProjectManager.ProjectBuild=false
RCC.HSE_VALUE=16000000
NVIC.UsageFault_IRQn=true\:0\:0\:false\:false\:true\:false\:false\:false
NVIC.DebugMonitor_IRQn=true\:0\:0\:false\:false\:true\:false\:false\:false
board=custom
NVIC.SysTick_IRQn=true\:15\:0\:false\:false\:false\:true\:false\:true
ProjectManager.LastFirmware=true
RCC.PLLMUL=RCC_PLL_MUL16
VP_SYS_VS_tim7.Signal=SYS_VS_tim7
ProjectManager.FirmwarePackage=STM32Cube FW_F1 V1.8.3
MxDb.Version=DB.6.0.10
NVIC.SavedSystickIrqHandlerGenerated=true
RCC.APB2Freq_Value=64000000
ProjectManager.BackupPrevious=false
MxCube.Version=6.1.1
PA14.Mode=Serial_Wire
NVIC.USB_LP_CAN1_RX0_IRQn=true\:5\:0\:false\:false\:true\:true\:true\:true
CAN.NART=ENABLE
File.Version=6
NVIC.NonMaskableInt_IRQn=true\:0\:0\:false\:false\:true\:false\:false\:false
CAN.IPParameters=CalculateTimeQuantum,CalculateTimeBit,CalculateBaudRate,Prescaler,BS1,BS2,NART
NVIC.PendSV_IRQn=true\:15\:0\:false\:false\:false\:true\:false\:false
VP_FREERTOS_VS_CMSIS_V1.Mode=CMSIS_V1
PA13.Mode=Serial_Wire
ProjectManager.FreePins=false
RCC.IPParameters=ADCFreqValue,AHBFreq_Value,APB1CLKDivider,APB1Freq_Value,APB1TimFreq_Value,APB2Freq_Value,APB2TimFreq_Value,FCLKCortexFreq_Value,FamilyName,HCLKFreq_Value,HSE_VALUE,I2S2Freq_Value,I2S3Freq_Value,MCOFreq_Value,PLLCLKFreq_Value,PLLMCOFreq_Value,PLLMUL,SDIOFreq_Value,SDIOHCLKDiv2FreqValue,SYSCLKFreq_VALUE,SYSCLKSource,TimSysFreq_Value,USBFreq_Value
ProjectManager.AskForMigrate=true
Mcu.Name=STM32F103R(C-D-E)Tx
CAN.CalculateTimeQuantum=250.0
ProjectManager.HalAssertFull=false
NVIC.SavedPendsvIrqHandlerGenerated=true
PA2.Signal=USART2_TX
ProjectManager.ProjectName=TTLtoCAN_Modify
ProjectManager.UnderRoot=false
RCC.PLLMCOFreq_Value=32000000
ProjectManager.CoupleFile=true
RCC.SYSCLKFreq_VALUE=64000000
Mcu.Package=LQFP64
RCC.TimSysFreq_Value=64000000
NVIC.TimeBase=TIM7_IRQn
PA12.Mode=CAN_Activate
RCC.I2S2Freq_Value=64000000
NVIC.ForceEnableDMAVector=true
KeepUserPlacement=false
USART2.VirtualMode=VM_ASYNC
NVIC.MemoryManagement_IRQn=true\:0\:0\:false\:false\:true\:false\:false\:false
ProjectManager.CompilerOptimize=6
ProjectManager.ToolChainLocation=
PA11.Signal=CAN_RX
NVIC.TimeBaseIP=TIM7
PA14.Signal=SYS_JTCK-SWCLK
FREERTOS.FootprintOK=true
ProjectManager.HeapSize=0x200
NVIC.HardFault_IRQn=true\:0\:0\:false\:false\:true\:false\:false\:false
USART2.WordLength=WORDLENGTH_8B
ProjectManager.ComputerToolchain=false
NVIC.PriorityGroup=NVIC_PRIORITYGROUP_4
RCC.APB1TimFreq_Value=64000000
PA2.Mode=Asynchronous
NVIC.BusFault_IRQn=true\:0\:0\:false\:false\:true\:false\:false\:false
RCC.APB1Freq_Value=32000000
NVIC.TIM7_IRQn=true\:0\:0\:false\:false\:true\:false\:false\:true
ProjectManager.CustomerFirmwarePackage=
ProjectManager.DeviceId=STM32F103RCTx
ProjectManager.LibraryCopy=1
PA3.Signal=USART2_RX
